<?xml version="1.0" encoding="utf-8"?>
<Project ToolsVersion="4.0" xmlns="http://schemas.microsoft.com/developer/msbuild/2003">
  <ItemGroup>
    <Filter Include="Файлы исходного кода">
      <UniqueIdentifier>{4FC737F1-C7A5-4376-A066-2A32D752A2FF}</UniqueIdentifier>
      <Extensions>cpp;c;cc;cxx;def;odl;idl;hpj;bat;asm;asmx</Extensions>
    </Filter>
    <Filter Include="Заголовочные файлы">
      <UniqueIdentifier>{93995380-89BD-4b04-88EB-625FBE52EBFB}</UniqueIdentifier>
      <Extensions>h;hh;hpp;hxx;hm;inl;inc;xsd</Extensions>
    </Filter>
    <Filter Include="Файлы ресурсов">
      <UniqueIdentifier>{67DA6AB6-F800-4c08-8B7A-83BB121AAD01}</UniqueIdentifier>
      <Extensions>rc;ico;cur;bmp;dlg;rc2;rct;bin;rgs;gif;jpg;jpeg;jpe;resx;tiff;tif;png;wav;mfcribbon-ms</Extensions>
    </Filter>
  </ItemGroup>
  <ItemGroup>
    <None Include="lightTraffic_src.ino" />
    <None Include="ClassDiagram.cd" />
  </ItemGroup>
  <ItemGroup>
    <ClInclude Include="Visual Micro\.lightTraffic_src.vsarduino.h">
      <Filter>Заголовочные файлы</Filter>
    </ClInclude>
    <ClInclude Include="DataReader.h">
      <Filter>Заголовочные файлы</Filter>
    </ClInclude>
    <ClInclude Include="BasicLightStrategy.h">
      <Filter>Заголовочные файлы</Filter>
    </ClInclude>
    <ClInclude Include="BuildServerErrorLightStrategy.h">
      <Filter>Заголовочные файлы</Filter>
    </ClInclude>
    <ClInclude Include="BuildServerErrorState.h">
      <Filter>Заголовочные файлы</Filter>
    </ClInclude>
    <ClInclude Include="BuildServerRequestErrorLightStrategy.h">
      <Filter>Заголовочные файлы</Filter>
    </ClInclude>
    <ClInclude Include="BuildsFailedAndRunningLightStrategy.h">
      <Filter>Заголовочные файлы</Filter>
    </ClInclude>
    <ClInclude Include="BuildsFailedLightStrategy.h">
      <Filter>Заголовочные файлы</Filter>
    </ClInclude>
    <ClInclude Include="BuildsSuccessLightStrategy.h">
      <Filter>Заголовочные файлы</Filter>
    </ClInclude>
    <ClInclude Include="ConnectToWiFiState.h">
      <Filter>Заголовочные файлы</Filter>
    </ClInclude>
    <ClInclude Include="InitSystemLightStrategy.h">
      <Filter>Заголовочные файлы</Filter>
    </ClInclude>
    <ClInclude Include="JSONDataParser.h">
      <Filter>Заголовочные файлы</Filter>
    </ClInclude>
    <ClInclude Include="LightTrafficSystem.h">
      <Filter>Заголовочные файлы</Filter>
    </ClInclude>
    <ClInclude Include="ReadDataOfIdsState.h">
      <Filter>Заголовочные файлы</Filter>
    </ClInclude>
    <ClInclude Include="ReadIdsState.h">
      <Filter>Заголовочные файлы</Filter>
    </ClInclude>
    <ClInclude Include="ResetModuleState.h">
      <Filter>Заголовочные файлы</Filter>
    </ClInclude>
    <ClInclude Include="SystemState.h">
      <Filter>Заголовочные файлы</Filter>
    </ClInclude>
    <ClInclude Include="SystemUtils.h">
      <Filter>Заголовочные файлы</Filter>
    </ClInclude>
    <ClInclude Include="WiFiConnectionErrorLightStrategy.h">
      <Filter>Заголовочные файлы</Filter>
    </ClInclude>
    <ClInclude Include="__vm\.lightTraffic_src.vsarduino.h">
      <Filter>Заголовочные файлы</Filter>
    </ClInclude>
  </ItemGroup>
  <ItemGroup>
    <ClCompile Include="DataReader.cpp">
      <Filter>Файлы исходного кода</Filter>
    </ClCompile>
    <ClCompile Include="BasicLightStrategy.cpp">
      <Filter>Файлы исходного кода</Filter>
    </ClCompile>
    <ClCompile Include="BuildServerErrorLightStrategy.cpp">
      <Filter>Файлы исходного кода</Filter>
    </ClCompile>
    <ClCompile Include="BuildServerErrorState.cpp">
      <Filter>Файлы исходного кода</Filter>
    </ClCompile>
    <ClCompile Include="BuildServerRequestErrorLightStrategy.cpp">
      <Filter>Файлы исходного кода</Filter>
    </ClCompile>
    <ClCompile Include="BuildsFailedAndRunningLightStrategy.cpp">
      <Filter>Файлы исходного кода</Filter>
    </ClCompile>
    <ClCompile Include="BuildsFailedLightStrategy.cpp">
      <Filter>Файлы исходного кода</Filter>
    </ClCompile>
    <ClCompile Include="BuildsSuccessLightStrategy.cpp">
      <Filter>Файлы исходного кода</Filter>
    </ClCompile>
    <ClCompile Include="ConnectToWiFiState.cpp">
      <Filter>Файлы исходного кода</Filter>
    </ClCompile>
    <ClCompile Include="InitSystemLightStrategy.cpp">
      <Filter>Файлы исходного кода</Filter>
    </ClCompile>
    <ClCompile Include="JSONDataParser.cpp">
      <Filter>Файлы исходного кода</Filter>
    </ClCompile>
    <ClCompile Include="LightTrafficSystem.cpp">
      <Filter>Файлы исходного кода</Filter>
    </ClCompile>
    <ClCompile Include="ReadDataOfIdsState.cpp">
      <Filter>Файлы исходного кода</Filter>
    </ClCompile>
    <ClCompile Include="ReadIdsState.cpp">
      <Filter>Файлы исходного кода</Filter>
    </ClCompile>
    <ClCompile Include="ResetModuleState.cpp">
      <Filter>Файлы исходного кода</Filter>
    </ClCompile>
    <ClCompile Include="SystemState.cpp">
      <Filter>Файлы исходного кода</Filter>
    </ClCompile>
    <ClCompile Include="SystemUtils.cpp">
      <Filter>Файлы исходного кода</Filter>
    </ClCompile>
    <ClCompile Include="WiFiConnectionErrorLightStrategy.cpp">
      <Filter>Файлы исходного кода</Filter>
    </ClCompile>
  </ItemGroup>
</Project>